// !$*UTF8*$!
{
	archiveVersion = 1;
	classes = {
	};
	objectVersion = 46;
	objects = {

/* Begin PBXBuildFile section */
		C9D805421A128D410005255F /* Foundation.framework in Frameworks */ = {isa = PBXBuildFile; fileRef = C9D805411A128D410005255F /* Foundation.framework */; };
		C9D805441A128D410005255F /* CoreGraphics.framework in Frameworks */ = {isa = PBXBuildFile; fileRef = C9D805431A128D410005255F /* CoreGraphics.framework */; };
		C9D805461A128D410005255F /* UIKit.framework in Frameworks */ = {isa = PBXBuildFile; fileRef = C9D805451A128D410005255F /* UIKit.framework */; };
		C9D8054C1A128D410005255F /* InfoPlist.strings in Resources */ = {isa = PBXBuildFile; fileRef = C9D8054A1A128D410005255F /* InfoPlist.strings */; };
		C9D8054E1A128D410005255F /* main.m in Sources */ = {isa = PBXBuildFile; fileRef = C9D8054D1A128D410005255F /* main.m */; };
		C9D805521A128D410005255F /* AppDelegate.m in Sources */ = {isa = PBXBuildFile; fileRef = C9D805511A128D410005255F /* AppDelegate.m */; };
		C9D805541A128D410005255F /* Images.xcassets in Resources */ = {isa = PBXBuildFile; fileRef = C9D805531A128D410005255F /* Images.xcassets */; };
		C9D8055B1A128D420005255F /* XCTest.framework in Frameworks */ = {isa = PBXBuildFile; fileRef = C9D8055A1A128D420005255F /* XCTest.framework */; };
		C9D8055C1A128D420005255F /* Foundation.framework in Frameworks */ = {isa = PBXBuildFile; fileRef = C9D805411A128D410005255F /* Foundation.framework */; };
		C9D8055D1A128D420005255F /* UIKit.framework in Frameworks */ = {isa = PBXBuildFile; fileRef = C9D805451A128D410005255F /* UIKit.framework */; };
		C9D805651A128D420005255F /* InfoPlist.strings in Resources */ = {isa = PBXBuildFile; fileRef = C9D805631A128D420005255F /* InfoPlist.strings */; };
		C9D805671A128D420005255F /* ContactBookTests.m in Sources */ = {isa = PBXBuildFile; fileRef = C9D805661A128D420005255F /* ContactBookTests.m */; };
		C9D805711A128DEC0005255F /* Main.storyboard in Resources */ = {isa = PBXBuildFile; fileRef = C9D805701A128DEC0005255F /* Main.storyboard */; };
		C9D805741A12936B0005255F /* XYZAddContactViewController.m in Sources */ = {isa = PBXBuildFile; fileRef = C9D805731A12936B0005255F /* XYZAddContactViewController.m */; };
		C9D805771A1293F50005255F /* XYZContactsListTableViewController.m in Sources */ = {isa = PBXBuildFile; fileRef = C9D805761A1293F50005255F /* XYZContactsListTableViewController.m */; };
		C9D8057A1A1299AA0005255F /* XYZContactItem.m in Sources */ = {isa = PBXBuildFile; fileRef = C9D805791A1299AA0005255F /* XYZContactItem.m */; };
		C9D8057D1A12A58D0005255F /* XYZViewContactViewController.m in Sources */ = {isa = PBXBuildFile; fileRef = C9D8057C1A12A58D0005255F /* XYZViewContactViewController.m */; };
/* End PBXBuildFile section */

/* Begin PBXContainerItemProxy section */
		C9D8055E1A128D420005255F /* PBXContainerItemProxy */ = {
			isa = PBXContainerItemProxy;
			containerPortal = C9D805361A128D410005255F /* Project object */;
			proxyType = 1;
			remoteGlobalIDString = C9D8053D1A128D410005255F;
			remoteInfo = ContactBook;
		};
/* End PBXContainerItemProxy section */

/* Begin PBXFileReference section */
		C9D8053E1A128D410005255F /* ContactBook.app */ = {isa = PBXFileReference; explicitFileType = wrapper.application; includeInIndex = 0; path = ContactBook.app; sourceTree = BUILT_PRODUCTS_DIR; };
		C9D805411A128D410005255F /* Foundation.framework */ = {isa = PBXFileReference; lastKnownFileType = wrapper.framework; name = Foundation.framework; path = System/Library/Frameworks/Foundation.framework; sourceTree = SDKROOT; };
		C9D805431A128D410005255F /* CoreGraphics.framework */ = {isa = PBXFileReference; lastKnownFileType = wrapper.framework; name = CoreGraphics.framework; path = System/Library/Frameworks/CoreGraphics.framework; sourceTree = SDKROOT; };
		C9D805451A128D410005255F /* UIKit.framework */ = {isa = PBXFileReference; lastKnownFileType = wrapper.framework; name = UIKit.framework; path = System/Library/Frameworks/UIKit.framework; sourceTree = SDKROOT; };
		C9D805491A128D410005255F /* ContactBook-Info.plist */ = {isa = PBXFileReference; lastKnownFileType = text.plist.xml; path = "ContactBook-Info.plist"; sourceTree = "<group>"; };
		C9D8054B1A128D410005255F /* en */ = {isa = PBXFileReference; lastKnownFileType = text.plist.strings; name = en; path = en.lproj/InfoPlist.strings; sourceTree = "<group>"; };
		C9D8054D1A128D410005255F /* main.m */ = {isa = PBXFileReference; lastKnownFileType = sourcecode.c.objc; path = main.m; sourceTree = "<group>"; };
		C9D8054F1A128D410005255F /* ContactBook-Prefix.pch */ = {isa = PBXFileReference; lastKnownFileType = sourcecode.c.h; path = "ContactBook-Prefix.pch"; sourceTree = "<group>"; };
		C9D805501A128D410005255F /* AppDelegate.h */ = {isa = PBXFileReference; lastKnownFileType = sourcecode.c.h; path = AppDelegate.h; sourceTree = "<group>"; };
		C9D805511A128D410005255F /* AppDelegate.m */ = {isa = PBXFileReference; lastKnownFileType = sourcecode.c.objc; path = AppDelegate.m; sourceTree = "<group>"; };
		C9D805531A128D410005255F /* Images.xcassets */ = {isa = PBXFileReference; lastKnownFileType = folder.assetcatalog; path = Images.xcassets; sourceTree = "<group>"; };
		C9D805591A128D420005255F /* ContactBookTests.xctest */ = {isa = PBXFileReference; explicitFileType = wrapper.cfbundle; includeInIndex = 0; path = ContactBookTests.xctest; sourceTree = BUILT_PRODUCTS_DIR; };
		C9D8055A1A128D420005255F /* XCTest.framework */ = {isa = PBXFileReference; lastKnownFileType = wrapper.framework; name = XCTest.framework; path = Library/Frameworks/XCTest.framework; sourceTree = DEVELOPER_DIR; };
		C9D805621A128D420005255F /* ContactBookTests-Info.plist */ = {isa = PBXFileReference; lastKnownFileType = text.plist.xml; path = "ContactBookTests-Info.plist"; sourceTree = "<group>"; };
		C9D805641A128D420005255F /* en */ = {isa = PBXFileReference; lastKnownFileType = text.plist.strings; name = en; path = en.lproj/InfoPlist.strings; sourceTree = "<group>"; };
		C9D805661A128D420005255F /* ContactBookTests.m */ = {isa = PBXFileReference; lastKnownFileType = sourcecode.c.objc; path = ContactBookTests.m; sourceTree = "<group>"; };
		C9D805701A128DEC0005255F /* Main.storyboard */ = {isa = PBXFileReference; fileEncoding = 4; lastKnownFileType = file.storyboard; path = Main.storyboard; sourceTree = "<group>"; };
		C9D805721A12936B0005255F /* XYZAddContactViewController.h */ = {isa = PBXFileReference; fileEncoding = 4; lastKnownFileType = sourcecode.c.h; path = XYZAddContactViewController.h; sourceTree = "<group>"; };
		C9D805731A12936B0005255F /* XYZAddContactViewController.m */ = {isa = PBXFileReference; fileEncoding = 4; lastKnownFileType = sourcecode.c.objc; path = XYZAddContactViewController.m; sourceTree = "<group>"; };
		C9D805751A1293F50005255F /* XYZContactsListTableViewController.h */ = {isa = PBXFileReference; fileEncoding = 4; lastKnownFileType = sourcecode.c.h; path = XYZContactsListTableViewController.h; sourceTree = "<group>"; };
		C9D805761A1293F50005255F /* XYZContactsListTableViewController.m */ = {isa = PBXFileReference; fileEncoding = 4; lastKnownFileType = sourcecode.c.objc; path = XYZContactsListTableViewController.m; sourceTree = "<group>"; };
		C9D805781A1299AA0005255F /* XYZContactItem.h */ = {isa = PBXFileReference; fileEncoding = 4; lastKnownFileType = sourcecode.c.h; path = XYZContactItem.h; sourceTree = "<group>"; };
		C9D805791A1299AA0005255F /* XYZContactItem.m */ = {isa = PBXFileReference; fileEncoding = 4; lastKnownFileType = sourcecode.c.objc; path = XYZContactItem.m; sourceTree = "<group>"; };
		C9D8057B1A12A58D0005255F /* XYZViewContactViewController.h */ = {isa = PBXFileReference; fileEncoding = 4; lastKnownFileType = sourcecode.c.h; path = XYZViewContactViewController.h; sourceTree = "<group>"; };
		C9D8057C1A12A58D0005255F /* XYZViewContactViewController.m */ = {isa = PBXFileReference; fileEncoding = 4; lastKnownFileType = sourcecode.c.objc; path = XYZViewContactViewController.m; sourceTree = "<group>"; };
/* End PBXFileReference section */

/* Begin PBXFrameworksBuildPhase section */
		C9D8053B1A128D410005255F /* Frameworks */ = {
			isa = PBXFrameworksBuildPhase;
			buildActionMask = 2147483647;
			files = (
				C9D805441A128D410005255F /* CoreGraphics.framework in Frameworks */,
				C9D805461A128D410005255F /* UIKit.framework in Frameworks */,
				C9D805421A128D410005255F /* Foundation.framework in Frameworks */,
			);
			runOnlyForDeploymentPostprocessing = 0;
		};
		C9D805561A128D420005255F /* Frameworks */ = {
			isa = PBXFrameworksBuildPhase;
			buildActionMask = 2147483647;
			files = (
				C9D8055B1A128D420005255F /* XCTest.framework in Frameworks */,
				C9D8055D1A128D420005255F /* UIKit.framework in Frameworks */,
				C9D8055C1A128D420005255F /* Foundation.framework in Frameworks */,
			);
			runOnlyForDeploymentPostprocessing = 0;
		};
/* End PBXFrameworksBuildPhase section */

/* Begin PBXGroup section */
		C9D805351A128D410005255F = {
			isa = PBXGroup;
			children = (
				C9D805471A128D410005255F /* ContactBook */,
				C9D805601A128D420005255F /* ContactBookTests */,
				C9D805401A128D410005255F /* Frameworks */,
				C9D8053F1A128D410005255F /* Products */,
			);
			sourceTree = "<group>";
		};
		C9D8053F1A128D410005255F /* Products */ = {
			isa = PBXGroup;
			children = (
				C9D8053E1A128D410005255F /* ContactBook.app */,
				C9D805591A128D420005255F /* ContactBookTests.xctest */,
			);
			name = Products;
			sourceTree = "<group>";
		};
		C9D805401A128D410005255F /* Frameworks */ = {
			isa = PBXGroup;
			children = (
				C9D805411A128D410005255F /* Foundation.framework */,
				C9D805431A128D410005255F /* CoreGraphics.framework */,
				C9D805451A128D410005255F /* UIKit.framework */,
				C9D8055A1A128D420005255F /* XCTest.framework */,
			);
			name = Frameworks;
			sourceTree = "<group>";
		};
		C9D805471A128D410005255F /* ContactBook */ = {
			isa = PBXGroup;
			children = (
				C9D805501A128D410005255F /* AppDelegate.h */,
				C9D805511A128D410005255F /* AppDelegate.m */,
				C9D805701A128DEC0005255F /* Main.storyboard */,
				C9D8057B1A12A58D0005255F /* XYZViewContactViewController.h */,
				C9D8057C1A12A58D0005255F /* XYZViewContactViewController.m */,
				C9D805751A1293F50005255F /* XYZContactsListTableViewController.h */,
				C9D805761A1293F50005255F /* XYZContactsListTableViewController.m */,
				C9D805721A12936B0005255F /* XYZAddContactViewController.h */,
				C9D805731A12936B0005255F /* XYZAddContactViewController.m */,
				C9D805781A1299AA0005255F /* XYZContactItem.h */,
				C9D805791A1299AA0005255F /* XYZContactItem.m */,
				C9D805531A128D410005255F /* Images.xcassets */,
				C9D805481A128D410005255F /* Supporting Files */,
			);
			path = ContactBook;
			sourceTree = "<group>";
		};
		C9D805481A128D410005255F /* Supporting Files */ = {
			isa = PBXGroup;
			children = (
				C9D805491A128D410005255F /* ContactBook-Info.plist */,
				C9D8054A1A128D410005255F /* InfoPlist.strings */,
				C9D8054D1A128D410005255F /* main.m */,
				C9D8054F1A128D410005255F /* ContactBook-Prefix.pch */,
			);
			name = "Supporting Files";
			sourceTree = "<group>";
		};
		C9D805601A128D420005255F /* ContactBookTests */ = {
			isa = PBXGroup;
			children = (
				C9D805661A128D420005255F /* ContactBookTests.m */,
				C9D805611A128D420005255F /* Supporting Files */,
			);
			path = ContactBookTests;
			sourceTree = "<group>";
		};
		C9D805611A128D420005255F /* Supporting Files */ = {
			isa = PBXGroup;
			children = (
				C9D805621A128D420005255F /* ContactBookTests-Info.plist */,
				C9D805631A128D420005255F /* InfoPlist.strings */,
			);
			name = "Supporting Files";
			sourceTree = "<group>";
		};
/* End PBXGroup section */

/* Begin PBXNativeTarget section */
		C9D8053D1A128D410005255F /* ContactBook */ = {
			isa = PBXNativeTarget;
			buildConfigurationList = C9D8056A1A128D420005255F /* Build configuration list for PBXNativeTarget "ContactBook" */;
			buildPhases = (
				C9D8053A1A128D410005255F /* Sources */,
				C9D8053B1A128D410005255F /* Frameworks */,
				C9D8053C1A128D410005255F /* Resources */,
			);
			buildRules = (
			);
			dependencies = (
			);
			name = ContactBook;
			productName = ContactBook;
			productReference = C9D8053E1A128D410005255F /* ContactBook.app */;
			productType = "com.apple.product-type.application";
		};
		C9D805581A128D420005255F /* ContactBookTests */ = {
			isa = PBXNativeTarget;
			buildConfigurationList = C9D8056D1A128D420005255F /* Build configuration list for PBXNativeTarget "ContactBookTests" */;
			buildPhases = (
				C9D805551A128D420005255F /* Sources */,
				C9D805561A128D420005255F /* Frameworks */,
				C9D805571A128D420005255F /* Resources */,
			);
			buildRules = (
			);
			dependencies = (
				C9D8055F1A128D420005255F /* PBXTargetDependency */,
			);
			name = ContactBookTests;
			productName = ContactBookTests;
			productReference = C9D805591A128D420005255F /* ContactBookTests.xctest */;
			productType = "com.apple.product-type.bundle.unit-test";
		};
/* End PBXNativeTarget section */

/* Begin PBXProject section */
		C9D805361A128D410005255F /* Project object */ = {
			isa = PBXProject;
			attributes = {
				LastUpgradeCheck = 0510;
				TargetAttributes = {
					C9D805581A128D420005255F = {
						TestTargetID = C9D8053D1A128D410005255F;
					};
				};
			};
			buildConfigurationList = C9D805391A128D410005255F /* Build configuration list for PBXProject "ContactBook" */;
			compatibilityVersion = "Xcode 3.2";
			developmentRegion = English;
			hasScannedForEncodings = 0;
			knownRegions = (
				en,
			);
			mainGroup = C9D805351A128D410005255F;
			productRefGroup = C9D8053F1A128D410005255F /* Products */;
			projectDirPath = "";
			projectRoot = "";
			targets = (
				C9D8053D1A128D410005255F /* ContactBook */,
				C9D805581A128D420005255F /* ContactBookTests */,
			);
		};
/* End PBXProject section */

/* Begin PBXResourcesBuildPhase section */
		C9D8053C1A128D410005255F /* Resources */ = {
			isa = PBXResourcesBuildPhase;
			buildActionMask = 2147483647;
			files = (
				C9D805711A128DEC0005255F /* Main.storyboard in Resources */,
				C9D8054C1A128D410005255F /* InfoPlist.strings in Resources */,
				C9D805541A128D410005255F /* Images.xcassets in Resources */,
			);
			runOnlyForDeploymentPostprocessing = 0;
		};
		C9D805571A128D420005255F /* Resources */ = {
			isa = PBXResourcesBuildPhase;
			buildActionMask = 2147483647;
			files = (
				C9D805651A128D420005255F /* InfoPlist.strings in Resources */,
			);
			runOnlyForDeploymentPostprocessing = 0;
		};
/* End PBXResourcesBuildPhase section */

/* Begin PBXSourcesBuildPhase section */
		C9D8053A1A128D410005255F /* Sources */ = {
			isa = PBXSourcesBuildPhase;
			buildActionMask = 2147483647;
			files = (
				C9D805771A1293F50005255F /* XYZContactsListTableViewController.m in Sources */,
				C9D805521A128D410005255F /* AppDelegate.m in Sources */,
				C9D8057D1A12A58D0005255F /* XYZViewContactViewController.m in Sources */,
				C9D8054E1A128D410005255F /* main.m in Sources */,
				C9D8057A1A1299AA0005255F /* XYZContactItem.m in Sources */,
				C9D805741A12936B0005255F /* XYZAddContactViewController.m in Sources */,
			);
			runOnlyForDeploymentPostprocessing = 0;
		};
		C9D805551A128D420005255F /* Sources */ = {
			isa = PBXSourcesBuildPhase;
			buildActionMask = 2147483647;
			files = (
				C9D805671A128D420005255F /* ContactBookTests.m in Sources */,
			);
			runOnlyForDeploymentPostprocessing = 0;
		};
/* End PBXSourcesBuildPhase section */

/* Begin PBXTargetDependency section */
		C9D8055F1A128D420005255F /* PBXTargetDependency */ = {
			isa = PBXTargetDependency;
			target = C9D8053D1A128D410005255F /* ContactBook */;
			targetProxy = C9D8055E1A128D420005255F /* PBXContainerItemProxy */;
		};
/* End PBXTargetDependency section */

/* Begin PBXVariantGroup section */
		C9D8054A1A128D410005255F /* InfoPlist.strings */ = {
			isa = PBXVariantGroup;
			children = (
				C9D8054B1A128D410005255F /* en */,
			);
			name = InfoPlist.strings;
			sourceTree = "<group>";
		};
		C9D805631A128D420005255F /* InfoPlist.strings */ = {
			isa = PBXVariantGroup;
			children = (
				C9D805641A128D420005255F /* en */,
			);
			name = InfoPlist.strings;
			sourceTree = "<group>";
		};
/* End PBXVariantGroup section */

/* Begin XCBuildConfiguration section */
		C9D805681A128D420005255F /* Debug */ = {
			isa = XCBuildConfiguration;
			buildSettings = {
				ALWAYS_SEARCH_USER_PATHS = NO;
				CLANG_CXX_LANGUAGE_STANDARD = "gnu++0x";
				CLANG_CXX_LIBRARY = "libc++";
				CLANG_ENABLE_MODULES = YES;
				CLANG_ENABLE_OBJC_ARC = YES;
				CLANG_WARN_BOOL_CONVERSION = YES;
				CLANG_WARN_CONSTANT_CONVERSION = YES;
				CLANG_WARN_DIRECT_OBJC_ISA_USAGE = YES_ERROR;
				CLANG_WARN_EMPTY_BODY = YES;
				CLANG_WARN_ENUM_CONVERSION = YES;
				CLANG_WARN_INT_CONVERSION = YES;
				CLANG_WARN_OBJC_ROOT_CLASS = YES_ERROR;
				CLANG_WARN__DUPLICATE_METHOD_MATCH = YES;
				"CODE_SIGN_IDENTITY[sdk=iphoneos*]" = "iPhone Developer";
				COPY_PHASE_STRIP = NO;
				GCC_C_LANGUAGE_STANDARD = gnu99;
				GCC_DYNAMIC_NO_PIC = NO;
				GCC_OPTIMIZATION_LEVEL = 0;
				GCC_PREPROCESSOR_DEFINITIONS = (
					"DEBUG=1",
					"$(inherited)",
				);
				GCC_SYMBOLS_PRIVATE_EXTERN = NO;
				GCC_WARN_64_TO_32_BIT_CONVERSION = YES;
				GCC_WARN_ABOUT_RETURN_TYPE = YES_ERROR;
				GCC_WARN_UNDECLARED_SELECTOR = YES;
				GCC_WARN_UNINITIALIZED_AUTOS = YES_AGGRESSIVE;
				GCC_WARN_UNUSED_FUNCTION = YES;
				GCC_WARN_UNUSED_VARIABLE = YES;
				IPHONEOS_DEPLOYMENT_TARGET = 7.1;
				ONLY_ACTIVE_ARCH = YES;
				SDKROOT = iphoneos;
			};
			name = Debug;
		};
		C9D805691A128D420005255F /* Release */ = {
			isa = XCBuildConfiguration;
			buildSettings = {
				ALWAYS_SEARCH_USER_PATHS = NO;
				CLANG_CXX_LANGUAGE_STANDARD = "gnu++0x";
				CLANG_CXX_LIBRARY = "libc++";
				CLANG_ENABLE_MODULES = YES;
				CLANG_ENABLE_OBJC_ARC = YES;
				CLANG_WARN_BOOL_CONVERSION = YES;
				CLANG_WARN_CONSTANT_CONVERSION = YES;
				CLANG_WARN_DIRECT_OBJC_ISA_USAGE = YES_ERROR;
				CLANG_WARN_EMPTY_BODY = YES;
				CLANG_WARN_ENUM_CONVERSION = YES;
				CLANG_WARN_INT_CONVERSION = YES;
				CLANG_WARN_OBJC_ROOT_CLASS = YES_ERROR;
				CLANG_WARN__DUPLICATE_METHOD_MATCH = YES;
				"CODE_SIGN_IDENTITY[sdk=iphoneos*]" = "iPhone Developer";
				COPY_PHASE_STRIP = YES;
				ENABLE_NS_ASSERTIONS = NO;
				GCC_C_LANGUAGE_STANDARD = gnu99;
				GCC_WARN_64_TO_32_BIT_CONVERSION = YES;
				GCC_WARN_ABOUT_RETURN_TYPE = YES_ERROR;
				GCC_WARN_UNDECLARED_SELECTOR = YES;
				GCC_WARN_UNINITIALIZED_AUTOS = YES_AGGRESSIVE;
				GCC_WARN_UNUSED_FUNCTION = YES;
				GCC_WARN_UNUSED_VARIABLE = YES;
				IPHONEOS_DEPLOYMENT_TARGET = 7.1;
				SDKROOT = iphoneos;
				VALIDATE_PRODUCT = YES;
			};
			name = Release;
		};
		C9D8056B1A128D420005255F /* Debug */ = {
			isa = XCBuildConfiguration;
			buildSettings = {
				ASSETCATALOG_COMPILER_APPICON_NAME = AppIcon;
				ASSETCATALOG_COMPILER_LAUNCHIMAGE_NAME = LaunchImage;
				GCC_PRECOMPILE_PREFIX_HEADER = YES;
				GCC_PREFIX_HEADER = "ContactBook/ContactBook-Prefix.pch";
				INFOPLIST_FILE = "ContactBook/ContactBook-Info.plist";
				PRODUCT_NAME = "$(TARGET_NAME)";
				WRAPPER_EXTENSION = app;
			};
			name = Debug;
		};
		C9D8056C1A128D420005255F /* Release */ = {
			isa = XCBuildConfiguration;
			buildSettings = {
				ASSETCATALOG_COMPILER_APPICON_NAME = AppIcon;
				ASSETCATALOG_COMPILER_LAUNCHIMAGE_NAME = LaunchImage;
				GCC_PRECOMPILE_PREFIX_HEADER = YES;
				GCC_PREFIX_HEADER = "ContactBook/ContactBook-Prefix.pch";
				INFOPLIST_FILE = "ContactBook/ContactBook-Info.plist";
				PRODUCT_NAME = "$(TARGET_NAME)";
				WRAPPER_EXTENSION = app;
			};
			name = Release;
		};
		C9D8056E1A128D420005255F /* Debug */ = {
			isa = XCBuildConfiguration;
			buildSettings = {
				BUNDLE_LOADER = "$(BUILT_PRODUCTS_DIR)/ContactBook.app/ContactBook";
				FRAMEWORK_SEARCH_PATHS = (
					"$(SDKROOT)/Developer/Library/Frameworks",
					"$(inherited)",
					"$(DEVELOPER_FRAMEWORKS_DIR)",
				);
				GCC_PRECOMPILE_PREFIX_HEADER = YES;
				GCC_PREFIX_HEADER = "ContactBook/ContactBook-Prefix.pch";
				GCC_PREPROCESSOR_DEFINITIONS = (
					"DEBUG=1",
					"$(inherited)",
				);
				INFOPLIST_FILE = "ContactBookTests/ContactBookTests-Info.plist";
				PRODUCT_NAME = "$(TARGET_NAME)";
				TEST_HOST = "$(BUNDLE_LOADER)";
				WRAPPER_EXTENSION = xctest;
			};
			name = Debug;
		};
		C9D8056F1A128D420005255F /* Release */ = {
			isa = XCBuildConfiguration;
			buildSettings = {
				BUNDLE_LOADER = "$(BUILT_PRODUCTS_DIR)/ContactBook.app/ContactBook";
				FRAMEWORK_SEARCH_PATHS = (
					"$(SDKROOT)/Developer/Library/Frameworks",
					"$(inherited)",
					"$(DEVELOPER_FRAMEWORKS_DIR)",
				);
				GCC_PRECOMPILE_PREFIX_HEADER = YES;
				GCC_PREFIX_HEADER = "ContactBook/ContactBook-Prefix.pch";
				INFOPLIST_FILE = "ContactBookTests/ContactBookTests-Info.plist";
				PRODUCT_NAME = "$(TARGET_NAME)";
				TEST_HOST = "$(BUNDLE_LOADER)";
				WRAPPER_EXTENSION = xctest;
			};
			name = Release;
		};
/* End XCBuildConfiguration section */

/* Begin XCConfigurationList section */
		C9D805391A128D410005255F /* Build configuration list for PBXProject "ContactBook" */ = {
			isa = XCConfigurationList;
			buildConfigurations = (
				C9D805681A128D420005255F /* Debug */,
				C9D805691A128D420005255F /* Release */,
			);
			defaultConfigurationIsVisible = 0;
			defaultConfigurationName = Release;
		};
		C9D8056A1A128D420005255F /* Build configuration list for PBXNativeTarget "ContactBook" */ = {
			isa = XCConfigurationList;
			buildConfigurations = (
				C9D8056B1A128D420005255F /* Debug */,
				C9D8056C1A128D420005255F /* Release */,
			);
			defaultConfigurationIsVisible = 0;
		};
		C9D8056D1A128D420005255F /* Build configuration list for PBXNativeTarget "ContactBookTests" */ = {
			isa = XCConfigurationList;
			buildConfigurations = (
				C9D8056E1A128D420005255F /* Debug */,
				C9D8056F1A128D420005255F /* Release */,
			);
			defaultConfigurationIsVisible = 0;
		};
/* End XCConfigurationList section */
	};
	rootObject = C9D805361A128D410005255F /* Project object */;
}
